
Microsoft Visual Studio Solution File, Format Version 12.00
# Visual Studio Version 17
VisualStudioVersion = 17.4.33205.214
MinimumVisualStudioVersion = 10.0.40219.1
Project("{FAE04EC0-301F-11D3-BF4B-00C04F79EFBC}") = "EmprestimoLivros", "EmprestimoLivros.csproj", "{1D5CC892-E128-4A0C-B811-6E1E1E8DE208}"
EndProject
Global
	GlobalSection(SolutionConfigurationPlatforms) = preSolution
		Debug|Any CPU = Debug|Any CPU
		Release|Any CPU = Release|Any CPU
	EndGlobalSection
	GlobalSection(ProjectConfigurationPlatforms) = postSolution
		{1D5CC892-E128-4A0C-B811-6E1E1E8DE208}.Debug|Any CPU.ActiveCfg = Debug|Any CPU
		{1D5CC892-E128-4A0C-B811-6E1E1E8DE208}.Debug|Any CPU.Build.0 = Debug|Any CPU
		{1D5CC892-E128-4A0C-B811-6E1E1E8DE208}.Release|Any CPU.ActiveCfg = Release|Any CPU
		{1D5CC892-E128-4A0C-B811-6E1E1E8DE208}.Release|Any CPU.Build.0 = Release|Any CPU
	EndGlobalSection
	GlobalSection(SolutionProperties) = preSolution
		HideSolutionNode = FALSE
	EndGlobalSection
	GlobalSection(ExtensibilityGlobals) = postSolution
		SolutionGuid = {F454580B-C94B-4028-A544-B1A5CE7FBE9F}
	EndGlobalSection
EndGlobal
